# This file is generated by running "yarn install" inside your project.
# Manual changes might be lost - proceed with caution!

__metadata:
  version: 6
  cacheKey: 8

"@babel/runtime@npm:^7.15.4":
  version: 7.23.5
  resolution: "@babel/runtime@npm:7.23.5"
  dependencies:
    regenerator-runtime: ^0.14.0
  checksum: 164d9802424f06908e62d29b8fd3a87db55accf82f46f964ac481dcead11ff7df8391e3696e5fa91a8ca10ea8845bf650acd730fa88cf13f8026cd8d5eec6936
  languageName: node
  linkType: hard

"@devcycle/bucketing@npm:^1.7.1":
  version: 1.7.1
  resolution: "@devcycle/bucketing@npm:1.7.1"
  dependencies:
    "@devcycle/types": ^1.4.1
    lodash: ^4.17.21
    murmurhash: ^2.0.0
    ua-parser-js: ^1.0.36
  checksum: ca028464525ebaf31c3fc2374d294c61cdb76fa8b2bf9c917e8a681b2da8d2f2d22e7cac6e2b55156612b5285fffd7bdd647974f0ddd8e03b9d1374ebf3810bb
  languageName: node
  linkType: hard

"@devcycle/js-client-sdk@npm:^1.16.1":
  version: 1.16.1
  resolution: "@devcycle/js-client-sdk@npm:1.16.1"
  dependencies:
    "@devcycle/types": ^1.4.1
    axios: ^1.0.0
    axios-retry: ^3.3.1
    lodash: ^4.17.21
    ua-parser-js: ^1.0.36
    uuid: ^8.3.2
  checksum: 6f99f5257a59cdad0eca6c6295dfc2aabbb5f9145b842f29dcdb01e2fea22398b16e46ec3c8843528e9ec3974d14a7e6c7058d0d9f91a2c4e21a6ea8e64176bf
  languageName: node
  linkType: hard

"@devcycle/nextjs-sdk@npm:^0.0.1-beta.2":
  version: 0.0.1-beta.2
  resolution: "@devcycle/nextjs-sdk@npm:0.0.1-beta.2"
  dependencies:
    "@devcycle/bucketing": ^1.7.1
    "@devcycle/js-client-sdk": ^1.16.1
    "@devcycle/react-client-sdk": ^1.14.1
    "@devcycle/types": ^1.4.1
    hoist-non-react-statics: ^3.3.2
    server-only: ^0.0.1
  peerDependencies:
    next: ^14.0.0
    react: ^18.3.0-canary-0210f0b08-20230525
  checksum: 98f2d0ae897f8994c9f4238503db670a8243dba417d9d73a5d0f630ca9df1e6b3b11e7f6ac84257a53600de5013dbc937e5a30a836a5d77e983365ae08a8ed02
  languageName: node
  linkType: hard

"@devcycle/react-client-sdk@npm:^1.14.1":
  version: 1.14.1
  resolution: "@devcycle/react-client-sdk@npm:1.14.1"
  dependencies:
    "@devcycle/js-client-sdk": ^1.16.1
    "@devcycle/types": ^1.4.1
    hoist-non-react-statics: ^3.3.2
  peerDependencies:
    react: ">=16.8.0"
  checksum: 92cde292a82b567c3ae4207207e2742aa7933f886eb4515ac50994ac4b5920c28b8ae4a095c6039687d28171627cc6700c58166ddf8ad2c494b054ce5c087433
  languageName: node
  linkType: hard

"@devcycle/types@npm:^1.4.1":
  version: 1.4.1
  resolution: "@devcycle/types@npm:1.4.1"
  dependencies:
    "@nestjs/class-validator": ^0.13.4
    class-transformer: 0.5.1
    iso-639-1: ^2.1.13
    lodash: ^4.17.21
    reflect-metadata: ^0.1.13
  checksum: abe86e84533842f9872161f0b6e256c77501476e10f058a3cf891673c908467507addae464f0e80069639bc96ff251130fadb674c2a2b8aef18616ec851ec3a8
  languageName: node
  linkType: hard

"@nestjs/class-validator@npm:^0.13.4":
  version: 0.13.4
  resolution: "@nestjs/class-validator@npm:0.13.4"
  dependencies:
    libphonenumber-js: ^1.9.43
    validator: ^13.7.0
  checksum: 375f3a699ff4d4c801613df3968e13aad29bbca40955f085327f332a055777a3b048fa048c4b9813ced21fc8b501faa62e9a5cfaecc1bf2fb7d6aba2e0b821cc
  languageName: node
  linkType: hard

"@next/env@npm:14.1.1-canary.9":
  version: 14.1.1-canary.9
  resolution: "@next/env@npm:14.1.1-canary.9"
  checksum: 8cdc239e5e4668f5af89b0211c1ccf775934584ed0074502e2ae4191e03c0f7eee6a74ad66c218710dd3f4ca53d9dab6309f405f32b57721a05fd4d9820039e4
  languageName: node
  linkType: hard

"@next/swc-darwin-arm64@npm:14.1.1-canary.9":
  version: 14.1.1-canary.9
  resolution: "@next/swc-darwin-arm64@npm:14.1.1-canary.9"
  conditions: os=darwin & cpu=arm64
  languageName: node
  linkType: hard

"@next/swc-darwin-x64@npm:14.1.1-canary.9":
  version: 14.1.1-canary.9
  resolution: "@next/swc-darwin-x64@npm:14.1.1-canary.9"
  conditions: os=darwin & cpu=x64
  languageName: node
  linkType: hard

"@next/swc-linux-arm64-gnu@npm:14.1.1-canary.9":
  version: 14.1.1-canary.9
  resolution: "@next/swc-linux-arm64-gnu@npm:14.1.1-canary.9"
  conditions: os=linux & cpu=arm64 & libc=glibc
  languageName: node
  linkType: hard

"@next/swc-linux-arm64-musl@npm:14.1.1-canary.9":
  version: 14.1.1-canary.9
  resolution: "@next/swc-linux-arm64-musl@npm:14.1.1-canary.9"
  conditions: os=linux & cpu=arm64 & libc=musl
  languageName: node
  linkType: hard

"@next/swc-linux-x64-gnu@npm:14.1.1-canary.9":
  version: 14.1.1-canary.9
  resolution: "@next/swc-linux-x64-gnu@npm:14.1.1-canary.9"
  conditions: os=linux & cpu=x64 & libc=glibc
  languageName: node
  linkType: hard

"@next/swc-linux-x64-musl@npm:14.1.1-canary.9":
  version: 14.1.1-canary.9
  resolution: "@next/swc-linux-x64-musl@npm:14.1.1-canary.9"
  conditions: os=linux & cpu=x64 & libc=musl
  languageName: node
  linkType: hard

"@next/swc-win32-arm64-msvc@npm:14.1.1-canary.9":
  version: 14.1.1-canary.9
  resolution: "@next/swc-win32-arm64-msvc@npm:14.1.1-canary.9"
  conditions: os=win32 & cpu=arm64
  languageName: node
  linkType: hard

"@next/swc-win32-ia32-msvc@npm:14.1.1-canary.9":
  version: 14.1.1-canary.9
  resolution: "@next/swc-win32-ia32-msvc@npm:14.1.1-canary.9"
  conditions: os=win32 & cpu=ia32
  languageName: node
  linkType: hard

"@next/swc-win32-x64-msvc@npm:14.1.1-canary.9":
  version: 14.1.1-canary.9
  resolution: "@next/swc-win32-x64-msvc@npm:14.1.1-canary.9"
  conditions: os=win32 & cpu=x64
  languageName: node
  linkType: hard

"@swc/helpers@npm:0.5.2":
  version: 0.5.2
  resolution: "@swc/helpers@npm:0.5.2"
  dependencies:
    tslib: ^2.4.0
  checksum: 51d7e3d8bd56818c49d6bfbd715f0dbeedc13cf723af41166e45c03e37f109336bbcb57a1f2020f4015957721aeb21e1a7fff281233d797ff7d3dd1f447fa258
  languageName: node
  linkType: hard

"@types/node@npm:20.4.5":
  version: 20.4.5
  resolution: "@types/node@npm:20.4.5"
  checksum: 36a0304a8dc346a1b2d2edac4c4633eecf70875793d61a5274d0df052d7a7af7a8e34f29884eac4fbd094c4f0201477dcb39c0ecd3307ca141688806538d1138
  languageName: node
  linkType: hard

"@types/prop-types@npm:*":
  version: 15.7.11
  resolution: "@types/prop-types@npm:15.7.11"
  checksum: 7519ff11d06fbf6b275029fe03fff9ec377b4cb6e864cac34d87d7146c7f5a7560fd164bdc1d2dbe00b60c43713631251af1fd3d34d46c69cd354602bc0c7c54
  languageName: node
  linkType: hard

"@types/react@npm:18.2.18":
  version: 18.2.18
  resolution: "@types/react@npm:18.2.18"
  dependencies:
    "@types/prop-types": "*"
    "@types/scheduler": "*"
    csstype: ^3.0.2
  checksum: 2e0d75de2b618e76780019e52478b1bec2b015a9187aea30f84518c0c3ddc639055bdfea50864aece937bad0cb0544d0100b80d30f5461e72fbc1c3c0be8b140
  languageName: node
  linkType: hard

"@types/scheduler@npm:*":
  version: 0.16.8
  resolution: "@types/scheduler@npm:0.16.8"
  checksum: 6c091b096daa490093bf30dd7947cd28e5b2cd612ec93448432b33f724b162587fed9309a0acc104d97b69b1d49a0f3fc755a62282054d62975d53d7fd13472d
  languageName: node
  linkType: hard

"asynckit@npm:^0.4.0":
  version: 0.4.0
  resolution: "asynckit@npm:0.4.0"
  checksum: 7b78c451df768adba04e2d02e63e2d0bf3b07adcd6e42b4cf665cb7ce899bedd344c69a1dcbce355b5f972d597b25aaa1c1742b52cffd9caccb22f348114f6be
  languageName: node
  linkType: hard

"axios-retry@npm:^3.3.1":
  version: 3.9.1
  resolution: "axios-retry@npm:3.9.1"
  dependencies:
    "@babel/runtime": ^7.15.4
    is-retry-allowed: ^2.2.0
  checksum: 44e574ad559e4ee638e735662e9b9fcb69a1da6652adc3a75ca4b060e0fd40bdd7ac718e7743f51c0dad54149a6f3c09109275bf90298042542e80a17740a4e5
  languageName: node
  linkType: hard

"axios@npm:^1.0.0":
  version: 1.6.2
  resolution: "axios@npm:1.6.2"
  dependencies:
    follow-redirects: ^1.15.0
    form-data: ^4.0.0
    proxy-from-env: ^1.1.0
  checksum: 4a7429e2b784be0f2902ca2680964391eae7236faa3967715f30ea45464b98ae3f1c6f631303b13dfe721b17126b01f486c7644b9ef276bfc63112db9fd379f8
  languageName: node
  linkType: hard

"busboy@npm:1.6.0":
  version: 1.6.0
  resolution: "busboy@npm:1.6.0"
  dependencies:
    streamsearch: ^1.1.0
  checksum: 32801e2c0164e12106bf236291a00795c3c4e4b709ae02132883fe8478ba2ae23743b11c5735a0aae8afe65ac4b6ca4568b91f0d9fed1fdbc32ede824a73746e
  languageName: node
  linkType: hard

"caniuse-lite@npm:^1.0.30001579":
  version: 1.0.30001579
  resolution: "caniuse-lite@npm:1.0.30001579"
  checksum: 7539dcff74d2243a30c428393dc690c87fa34d7da36434731853e9bcfe783757763b2971f5cc878e25242a93e184e53f167d11bd74955af956579f7af71cc764
  languageName: node
  linkType: hard

"class-transformer@npm:0.5.1":
  version: 0.5.1
  resolution: "class-transformer@npm:0.5.1"
  checksum: f191c8b4cc4239990f5efdd790cabdd852c243ed66248e39f6616a349c910c6eed2d9fd1fbf7ee6ea89f69b4f1d0b493b27347fe0cd0ae26b47c3745a805b6d3
  languageName: node
  linkType: hard

"client-only@npm:0.0.1":
  version: 0.0.1
  resolution: "client-only@npm:0.0.1"
  checksum: 0c16bf660dadb90610553c1d8946a7fdfb81d624adea073b8440b7d795d5b5b08beb3c950c6a2cf16279365a3265158a236876d92bce16423c485c322d7dfaf8
  languageName: node
  linkType: hard

"combined-stream@npm:^1.0.8":
  version: 1.0.8
  resolution: "combined-stream@npm:1.0.8"
  dependencies:
    delayed-stream: ~1.0.0
  checksum: 49fa4aeb4916567e33ea81d088f6584749fc90c7abec76fd516bf1c5aa5c79f3584b5ba3de6b86d26ddd64bae5329c4c7479343250cfe71c75bb366eae53bb7c
  languageName: node
  linkType: hard

"csstype@npm:^3.0.2":
  version: 3.1.3
  resolution: "csstype@npm:3.1.3"
  checksum: 8db785cc92d259102725b3c694ec0c823f5619a84741b5c7991b8ad135dfaa66093038a1cc63e03361a6cd28d122be48f2106ae72334e067dd619a51f49eddf7
  languageName: node
  linkType: hard

"delayed-stream@npm:~1.0.0":
  version: 1.0.0
  resolution: "delayed-stream@npm:1.0.0"
  checksum: 46fe6e83e2cb1d85ba50bd52803c68be9bd953282fa7096f51fc29edd5d67ff84ff753c51966061e5ba7cb5e47ef6d36a91924eddb7f3f3483b1c560f77a0020
  languageName: node
  linkType: hard

"follow-redirects@npm:^1.15.0":
  version: 1.15.3
  resolution: "follow-redirects@npm:1.15.3"
  peerDependenciesMeta:
    debug:
      optional: true
  checksum: 584da22ec5420c837bd096559ebfb8fe69d82512d5585004e36a3b4a6ef6d5905780e0c74508c7b72f907d1fa2b7bd339e613859e9c304d0dc96af2027fd0231
  languageName: node
  linkType: hard

"form-data@npm:^4.0.0":
  version: 4.0.0
  resolution: "form-data@npm:4.0.0"
  dependencies:
    asynckit: ^0.4.0
    combined-stream: ^1.0.8
    mime-types: ^2.1.12
  checksum: 01135bf8675f9d5c61ff18e2e2932f719ca4de964e3be90ef4c36aacfc7b9cb2fceb5eca0b7e0190e3383fe51c5b37f4cb80b62ca06a99aaabfcfd6ac7c9328c
  languageName: node
  linkType: hard

"graceful-fs@npm:^4.2.11":
  version: 4.2.11
  resolution: "graceful-fs@npm:4.2.11"
  checksum: ac85f94da92d8eb6b7f5a8b20ce65e43d66761c55ce85ac96df6865308390da45a8d3f0296dd3a663de65d30ba497bd46c696cc1e248c72b13d6d567138a4fc7
  languageName: node
  linkType: hard

"hoist-non-react-statics@npm:^3.3.2":
  version: 3.3.2
  resolution: "hoist-non-react-statics@npm:3.3.2"
  dependencies:
    react-is: ^16.7.0
  checksum: b1538270429b13901ee586aa44f4cc3ecd8831c061d06cb8322e50ea17b3f5ce4d0e2e66394761e6c8e152cd8c34fb3b4b690116c6ce2bd45b18c746516cb9e8
  languageName: node
  linkType: hard

"is-retry-allowed@npm:^2.2.0":
  version: 2.2.0
  resolution: "is-retry-allowed@npm:2.2.0"
  checksum: 3d1103a9290b5d03626756a41054844633eac78bc5d3e3a95b13afeae94fa3cfbcf7f0b5520d83f75f48a25ce7b142fdbac4217dc4b0630f3ea55e866ec3a029
  languageName: node
  linkType: hard

"iso-639-1@npm:^2.1.13":
  version: 2.1.15
  resolution: "iso-639-1@npm:2.1.15"
  checksum: a201530819d33e9ce077b02c786d67b35be5d823be27b5aacc18d880e580e559e39ec5055f8e2abcdc210f46618a643bf3c74e6fe6e8255fe62059682750e595
  languageName: node
  linkType: hard

"js-tokens@npm:^3.0.0 || ^4.0.0":
  version: 4.0.0
  resolution: "js-tokens@npm:4.0.0"
  checksum: 8a95213a5a77deb6cbe94d86340e8d9ace2b93bc367790b260101d2f36a2eaf4e4e22d9fa9cf459b38af3a32fb4190e638024cf82ec95ef708680e405ea7cc78
  languageName: node
  linkType: hard

"libphonenumber-js@npm:^1.9.43":
  version: 1.10.51
  resolution: "libphonenumber-js@npm:1.10.51"
  checksum: e3fd98e3cb7b2197e949f2a53744610942c831a9c3b864c6ce128f0b0ff6884b28ffd3f5f6fc6cb804a2556dfac3a07aa8c63b4bf9d36288a553bae2faea48d0
  languageName: node
  linkType: hard

"lodash@npm:^4.17.21":
  version: 4.17.21
  resolution: "lodash@npm:4.17.21"
  checksum: eb835a2e51d381e561e508ce932ea50a8e5a68f4ebdd771ea240d3048244a8d13658acbd502cd4829768c56f2e16bdd4340b9ea141297d472517b83868e677f7
  languageName: node
  linkType: hard

"loose-envify@npm:^1.1.0":
  version: 1.4.0
  resolution: "loose-envify@npm:1.4.0"
  dependencies:
    js-tokens: ^3.0.0 || ^4.0.0
  bin:
    loose-envify: cli.js
  checksum: 6517e24e0cad87ec9888f500c5b5947032cdfe6ef65e1c1936a0c48a524b81e65542c9c3edc91c97d5bddc806ee2a985dbc79be89215d613b1de5db6d1cfe6f4
  languageName: node
  linkType: hard

"mime-db@npm:1.52.0":
  version: 1.52.0
  resolution: "mime-db@npm:1.52.0"
  checksum: 0d99a03585f8b39d68182803b12ac601d9c01abfa28ec56204fa330bc9f3d1c5e14beb049bafadb3dbdf646dfb94b87e24d4ec7b31b7279ef906a8ea9b6a513f
  languageName: node
  linkType: hard

"mime-types@npm:^2.1.12":
  version: 2.1.35
  resolution: "mime-types@npm:2.1.35"
  dependencies:
    mime-db: 1.52.0
  checksum: 89a5b7f1def9f3af5dad6496c5ed50191ae4331cc5389d7c521c8ad28d5fdad2d06fd81baf38fed813dc4e46bb55c8145bb0ff406330818c9cf712fb2e9b3836
  languageName: node
  linkType: hard

"murmurhash@npm:^2.0.0":
  version: 2.0.1
  resolution: "murmurhash@npm:2.0.1"
  checksum: 8bb90f43b1c41b1d046efe662a02dcc3cdbda4b42fbbadf7488046772d9eecf2b37ffb6cb73d0d96f2ff489d9f4a8252c674bbae588a6179f60854fe0bfe3325
  languageName: node
  linkType: hard

"nanoid@npm:^3.3.6":
  version: 3.3.7
  resolution: "nanoid@npm:3.3.7"
  bin:
    nanoid: bin/nanoid.cjs
  checksum: d36c427e530713e4ac6567d488b489a36582ef89da1d6d4e3b87eded11eb10d7042a877958c6f104929809b2ab0bafa17652b076cdf84324aa75b30b722204f2
  languageName: node
  linkType: hard

"next@npm:canary":
  version: 14.1.1-canary.9
  resolution: "next@npm:14.1.1-canary.9"
  dependencies:
    "@next/env": 14.1.1-canary.9
    "@next/swc-darwin-arm64": 14.1.1-canary.9
    "@next/swc-darwin-x64": 14.1.1-canary.9
    "@next/swc-linux-arm64-gnu": 14.1.1-canary.9
    "@next/swc-linux-arm64-musl": 14.1.1-canary.9
    "@next/swc-linux-x64-gnu": 14.1.1-canary.9
    "@next/swc-linux-x64-musl": 14.1.1-canary.9
    "@next/swc-win32-arm64-msvc": 14.1.1-canary.9
    "@next/swc-win32-ia32-msvc": 14.1.1-canary.9
    "@next/swc-win32-x64-msvc": 14.1.1-canary.9
    "@swc/helpers": 0.5.2
    busboy: 1.6.0
    caniuse-lite: ^1.0.30001579
    graceful-fs: ^4.2.11
    postcss: 8.4.31
    styled-jsx: 5.1.1
  peerDependencies:
    "@opentelemetry/api": ^1.1.0
    react: ^18.2.0
    react-dom: ^18.2.0
    sass: ^1.3.0
  dependenciesMeta:
    "@next/swc-darwin-arm64":
      optional: true
    "@next/swc-darwin-x64":
      optional: true
    "@next/swc-linux-arm64-gnu":
      optional: true
    "@next/swc-linux-arm64-musl":
      optional: true
    "@next/swc-linux-x64-gnu":
      optional: true
    "@next/swc-linux-x64-musl":
      optional: true
    "@next/swc-win32-arm64-msvc":
      optional: true
    "@next/swc-win32-ia32-msvc":
      optional: true
    "@next/swc-win32-x64-msvc":
      optional: true
  peerDependenciesMeta:
    "@opentelemetry/api":
      optional: true
    sass:
      optional: true
  bin:
    next: dist/bin/next
  checksum: 44819b22966f679b58aa797e70809615e18b84d8e2c86d273c85f4bbdb5990cdf9bb10fd5f39d38ad53f746c99188059b6f49bae12c97746c65552154d99901a
  languageName: node
  linkType: hard

"picocolors@npm:^1.0.0":
  version: 1.0.0
  resolution: "picocolors@npm:1.0.0"
  checksum: a2e8092dd86c8396bdba9f2b5481032848525b3dc295ce9b57896f931e63fc16f79805144321f72976383fc249584672a75cc18d6777c6b757603f372f745981
  languageName: node
  linkType: hard

"postcss@npm:8.4.31":
  version: 8.4.31
  resolution: "postcss@npm:8.4.31"
  dependencies:
    nanoid: ^3.3.6
    picocolors: ^1.0.0
    source-map-js: ^1.0.2
  checksum: 1d8611341b073143ad90486fcdfeab49edd243377b1f51834dc4f6d028e82ce5190e4f11bb2633276864503654fb7cab28e67abdc0fbf9d1f88cad4a0ff0beea
  languageName: node
  linkType: hard

"proxy-from-env@npm:^1.1.0":
  version: 1.1.0
  resolution: "proxy-from-env@npm:1.1.0"
  checksum: ed7fcc2ba0a33404958e34d95d18638249a68c430e30fcb6c478497d72739ba64ce9810a24f53a7d921d0c065e5b78e3822759800698167256b04659366ca4d4
  languageName: node
  linkType: hard

"react-dom@npm:^18.2.0":
  version: 18.2.0
  resolution: "react-dom@npm:18.2.0"
  dependencies:
    loose-envify: ^1.1.0
    scheduler: ^0.23.0
  peerDependencies:
    react: ^18.2.0
  checksum: 7d323310bea3a91be2965f9468d552f201b1c27891e45ddc2d6b8f717680c95a75ae0bc1e3f5cf41472446a2589a75aed4483aee8169287909fcd59ad149e8cc
  languageName: node
  linkType: hard

"react-is@npm:^16.7.0":
  version: 16.13.1
  resolution: "react-is@npm:16.13.1"
  checksum: f7a19ac3496de32ca9ae12aa030f00f14a3d45374f1ceca0af707c831b2a6098ef0d6bdae51bd437b0a306d7f01d4677fcc8de7c0d331eb47ad0f46130e53c5f
  languageName: node
  linkType: hard

"react@npm:^18.2.0":
  version: 18.2.0
  resolution: "react@npm:18.2.0"
  dependencies:
    loose-envify: ^1.1.0
  checksum: 88e38092da8839b830cda6feef2e8505dec8ace60579e46aa5490fc3dc9bba0bd50336507dc166f43e3afc1c42939c09fe33b25fae889d6f402721dcd78fca1b
  languageName: node
  linkType: hard

"reflect-metadata@npm:^0.1.13":
  version: 0.1.14
  resolution: "reflect-metadata@npm:0.1.14"
  checksum: 155ad339319cec3c2d9d84719f730f8b6a6cd2a074733ec29dbae6c89d48a2914c7d07a2350212594f3aae160fa4da4f903e6512f27ceaf968443a7c692bcad0
  languageName: node
  linkType: hard

"regenerator-runtime@npm:^0.14.0":
  version: 0.14.0
  resolution: "regenerator-runtime@npm:0.14.0"
  checksum: 1c977ad82a82a4412e4f639d65d22be376d3ebdd30da2c003eeafdaaacd03fc00c2320f18120007ee700900979284fc78a9f00da7fb593f6e6eeebc673fba9a3
  languageName: node
  linkType: hard

"root-workspace-0b6124@workspace:.":
  version: 0.0.0-use.local
  resolution: "root-workspace-0b6124@workspace:."
  dependencies:
    "@devcycle/nextjs-sdk": ^0.0.1-beta.2
    "@types/node": 20.4.5
    "@types/react": 18.2.18
    next: canary
    react: ^18.2.0
    react-dom: ^18.2.0
    typescript: 5.1.3
  languageName: unknown
  linkType: soft

"scheduler@npm:^0.23.0":
  version: 0.23.0
  resolution: "scheduler@npm:0.23.0"
  dependencies:
    loose-envify: ^1.1.0
  checksum: d79192eeaa12abef860c195ea45d37cbf2bbf5f66e3c4dcd16f54a7da53b17788a70d109ee3d3dde1a0fd50e6a8fc171f4300356c5aee4fc0171de526bf35f8a
  languageName: node
  linkType: hard

"server-only@npm:^0.0.1":
  version: 0.0.1
  resolution: "server-only@npm:0.0.1"
  checksum: c432348956641ea3f460af8dc3765f3a1bdbcf7a1e0205b0756d868e6e6fe8934cdee6bff68401a1dd49ba4a831c75916517a877446d54b334f7de36fa273e53
  languageName: node
  linkType: hard

"source-map-js@npm:^1.0.2":
  version: 1.0.2
  resolution: "source-map-js@npm:1.0.2"
  checksum: c049a7fc4deb9a7e9b481ae3d424cc793cb4845daa690bc5a05d428bf41bf231ced49b4cf0c9e77f9d42fdb3d20d6187619fc586605f5eabe995a316da8d377c
  languageName: node
  linkType: hard

"streamsearch@npm:^1.1.0":
  version: 1.1.0
  resolution: "streamsearch@npm:1.1.0"
  checksum: 1cce16cea8405d7a233d32ca5e00a00169cc0e19fbc02aa839959985f267335d435c07f96e5e0edd0eadc6d39c98d5435fb5bbbdefc62c41834eadc5622ad942
  languageName: node
  linkType: hard

"styled-jsx@npm:5.1.1":
  version: 5.1.1
  resolution: "styled-jsx@npm:5.1.1"
  dependencies:
    client-only: 0.0.1
  peerDependencies:
    react: ">= 16.8.0 || 17.x.x || ^18.0.0-0"
  peerDependenciesMeta:
    "@babel/core":
      optional: true
    babel-plugin-macros:
      optional: true
  checksum: 523a33b38603492547e861b98e29c873939b04e15fbe5ef16132c6f1e15958126647983c7d4675325038b428a5e91183d996e90141b18bdd1bbadf6e2c45b2fa
  languageName: node
  linkType: hard

"tslib@npm:^2.4.0":
  version: 2.6.2
  resolution: "tslib@npm:2.6.2"
  checksum: 329ea56123005922f39642318e3d1f0f8265d1e7fcb92c633e0809521da75eeaca28d2cf96d7248229deb40e5c19adf408259f4b9640afd20d13aecc1430f3ad
  languageName: node
  linkType: hard

"typescript@npm:5.1.3":
  version: 5.1.3
  resolution: "typescript@npm:5.1.3"
  bin:
    tsc: bin/tsc
    tsserver: bin/tsserver
  checksum: d9d51862d98efa46534f2800a1071a613751b1585dc78884807d0c179bcd93d6e9d4012a508e276742f5f33c480adefc52ffcafaf9e0e00ab641a14cde9a31c7
  languageName: node
  linkType: hard

"typescript@patch:typescript@5.1.3#~builtin<compat/typescript>":
  version: 5.1.3
  resolution: "typescript@patch:typescript@npm%3A5.1.3#~builtin<compat/typescript>::version=5.1.3&hash=5da071"
  bin:
    tsc: bin/tsc
    tsserver: bin/tsserver
  checksum: 6f0a9dca6bf4ce9dcaf4e282aade55ef4c56ecb5fb98d0a4a5c0113398815aea66d871b5611e83353e5953a19ed9ef103cf5a76ac0f276d550d1e7cd5344f61e
  languageName: node
  linkType: hard

"ua-parser-js@npm:^1.0.36":
  version: 1.0.37
  resolution: "ua-parser-js@npm:1.0.37"
  checksum: 4d481c720d523366d7762dc8a46a1b58967d979aacf786f9ceceb1cd767de069f64a4bdffb63956294f1c0696eb465ddb950f28ba90571709e33521b4bd75e07
  languageName: node
  linkType: hard

"uuid@npm:^8.3.2":
  version: 8.3.2
  resolution: "uuid@npm:8.3.2"
  bin:
    uuid: dist/bin/uuid
  checksum: 5575a8a75c13120e2f10e6ddc801b2c7ed7d8f3c8ac22c7ed0c7b2ba6383ec0abda88c905085d630e251719e0777045ae3236f04c812184b7c765f63a70e58df
  languageName: node
  linkType: hard

"validator@npm:^13.7.0":
  version: 13.11.0
  resolution: "validator@npm:13.11.0"
  checksum: d1e0c27022681420756da25bc03eb08d5f0c66fb008f8ff02ebc95812b77c6be6e03d3bd05cf80ca702e23eeb73dadd66b4b3683173ea2a0bc7cc72820bee131
  languageName: node
  linkType: hard
